Microsoft Visual Studio Solution File, Format Version 12.00
# Visual Studio Version 17
VisualStudioVersion = 17.5.2.0
MinimumVisualStudioVersion = 10.0.40219.1
Project("{FAE04EC0-301F-11D3-BF4B-00C04F79EFBC}") = "StatsAPI", "StatsAPI.csproj", "{AC70369F-D81F-57BD-233E-1D6A8941DFB8}"
EndProject
Global
	GlobalSection(SolutionConfigurationPlatforms) = preSolution
		Debug|Any CPU = Debug|Any CPU
		Release|Any CPU = Release|Any CPU
	EndGlobalSection
	GlobalSection(ProjectConfigurationPlatforms) = postSolution
		{AC70369F-D81F-57BD-233E-1D6A8941DFB8}.Debug|Any CPU.ActiveCfg = Debug|Any CPU
		{AC70369F-D81F-57BD-233E-1D6A8941DFB8}.Debug|Any CPU.Build.0 = Debug|Any CPU
		{AC70369F-D81F-57BD-233E-1D6A8941DFB8}.Release|Any CPU.ActiveCfg = Release|Any CPU
		{AC70369F-D81F-57BD-233E-1D6A8941DFB8}.Release|Any CPU.Build.0 = Release|Any CPU
	EndGlobalSection
	GlobalSection(SolutionProperties) = preSolution
		HideSolutionNode = FALSE
	EndGlobalSection
	GlobalSection(ExtensibilityGlobals) = postSolution
		SolutionGuid = {A24D47AA-DE84-400C-9F01-33B0895DECC1}
	EndGlobalSection
EndGlobal
